{
  "nodes": {
    "home-manager": {
      "inputs": {
        "nixpkgs": [
          "nixpkgs"
        ]
      },
      "locked": {
        "lastModified": 1782423922,
        "narHash": "sha256-qPNd6lUohHP5gcJhqQ7rLV87RwIx0xYR2A4Frb9Zjc4=",
        "owner": "nix-community",
        "repo": "home-manager",
        "rev": "5d320ab301cfaaca7d32514f13815d19d109f5f4",
        "type": "github"
      },
      "original": {
        "owner": "nix-community",
        "repo": "home-manager",
        "type": "github"
      }
    },
    "knappy": {
      "flake": false,
      "locked": {
        "lastModified": 1781897130,
        "narHash": "sha256-qOPWqownJE+rL08pfILXNo7cYok6uXA0/AjVi10NUOs=",
        "path": "/home/andrew/Documents/Projects/knappy",
        "type": "path"
      },
      "original": {
        "path": "/home/andrew/Documents/Projects/knappy",
        "type": "path"
      }
    },
    "loci-core": {
      "inputs": {
        "knappy": "knappy",
        "nixpkgs": [
          "loci-nvim",
          "nixpkgs"
        ]
      },
      "locked": {
        "lastModified": 1783651035,
        "narHash": "sha256-r0ZrP01k2of7bVfKzrBdhCP2tC/jrpnUfVvVVCbB84Q=",
        "owner": "Bullish-Design",
        "repo": "loci-core",
        "rev": "02be76df0997d60a21011b4b92836c1f19d38b97",
        "type": "github"
      },
      "original": {
        "owner": "Bullish-Design",
        "ref": "02be76d",
        "repo": "loci-core",
        "type": "github"
      }
    },
    "loci-nvim": {
      "inputs": {
        "loci-core": "loci-core",
        "nixpkgs": [
          "nixpkgs"
        ]
      },
      "locked": {
        "lastModified": 1783717228,
        "narHash": "sha256-Om5HZD6HxUNEsKrUMryOPRClBQR7VB5+aH+V/tGagmY=",
        "owner": "Bullish-Design",
        "repo": "loci.nvim",
        "rev": "262bbc23bf3a9c664785f554a860bfb65f5f953c",
        "type": "github"
      },
      "original": {
        "owner": "Bullish-Design",
        "ref": "v0.1.1",
        "repo": "loci.nvim",
        "type": "github"
      }
    },
    "nixpkgs": {
      "locked": {
        "lastModified": 1782467914,
        "narHash": "sha256-pGvFkM8N0xEkIIXDe5YYfbEAvHrk4IxBrjB/x8OomhE=",
        "owner": "NixOS",
        "repo": "nixpkgs",
        "rev": "e73de5be04e0eff4190a1432b946d469c794e7b4",
        "type": "github"
      },
      "original": {
        "owner": "NixOS",
        "ref": "nixos-unstable",
        "repo": "nixpkgs",
        "type": "github"
      }
    },
    "nixpkgs-neovim": {
      "locked": {
        "lastModified": 1778869304,
        "narHash": "sha256-30sZNZoA1cqF5JNO9fVX+wgiQYjB7HJqqJ4ztCDeBZE=",
        "owner": "NixOS",
        "repo": "nixpkgs",
        "rev": "d233902339c02a9c334e7e593de68855ad26c4cb",
        "type": "github"
      },
      "original": {
        "owner": "NixOS",
        "ref": "d2339023",
        "repo": "nixpkgs",
        "type": "github"
      }
    },
    "root": {
      "inputs": {
        "home-manager": "home-manager",
        "loci-nvim": "loci-nvim",
        "nixpkgs": "nixpkgs",
        "nixpkgs-neovim": "nixpkgs-neovim"
      }
    }
  },
  "root": "root",
  "version": 7
}
