{
  "nodes": {
    "home-manager": {
      "inputs": {
        "nixpkgs": [
          "nixpkgs"
        ]
      },
      "locked": {
        "lastModified": 1782423922,
        "narHash": "sha256-qPNd6lUohHP5gcJhqQ7rLV87RwIx0xYR2A4Frb9Zjc4=",
        "owner": "nix-community",
        "repo": "home-manager",
        "rev": "5d320ab301cfaaca7d32514f13815d19d109f5f4",
        "type": "github"
      },
      "original": {
        "owner": "nix-community",
        "repo": "home-manager",
        "type": "github"
      }
    },
    "loci-core": {
      "inputs": {
        "nixpkgs": [
          "loci-nvim",
          "nixpkgs"
        ]
      },
      "locked": {
        "lastModified": 1786647124,
        "narHash": "sha256-v7mojHsm/XlW42M2SANp/RrFtQg67M9jewQe8pil2WU=",
        "ref": "main",
        "rev": "c34dc831df1922704dd0226b532ce03423a9ee9d",
        "revCount": 268,
        "type": "git",
        "url": "ssh://git@github.com/Bullish-Design/loci-core.git"
      },
      "original": {
        "ref": "main",
        "type": "git",
        "url": "ssh://git@github.com/Bullish-Design/loci-core.git"
      }
    },
    "loci-nvim": {
      "inputs": {
        "loci-core": "loci-core",
        "nixpkgs": [
          "nixpkgs"
        ]
      },
      "locked": {
        "lastModified": 1786654248,
        "narHash": "sha256-C5YKya8RUxBLaayGQW0rqZbfLQ2eUXb1Oj6e3BJDMhY=",
        "owner": "Bullish-Design",
        "repo": "loci.nvim",
        "rev": "c7b1d2ee0d9eb50b79799ecc867ca6736f1f9985",
        "type": "github"
      },
      "original": {
        "owner": "Bullish-Design",
        "ref": "v0.3.0",
        "repo": "loci.nvim",
        "type": "github"
      }
    },
    "nixpkgs": {
      "locked": {
        "lastModified": 1782467914,
        "narHash": "sha256-pGvFkM8N0xEkIIXDe5YYfbEAvHrk4IxBrjB/x8OomhE=",
        "owner": "NixOS",
        "repo": "nixpkgs",
        "rev": "e73de5be04e0eff4190a1432b946d469c794e7b4",
        "type": "github"
      },
      "original": {
        "owner": "NixOS",
        "ref": "nixos-unstable",
        "repo": "nixpkgs",
        "type": "github"
      }
    },
    "nixpkgs-neovim": {
      "locked": {
        "lastModified": 1778869304,
        "narHash": "sha256-30sZNZoA1cqF5JNO9fVX+wgiQYjB7HJqqJ4ztCDeBZE=",
        "owner": "NixOS",
        "repo": "nixpkgs",
        "rev": "d233902339c02a9c334e7e593de68855ad26c4cb",
        "type": "github"
      },
      "original": {
        "owner": "NixOS",
        "ref": "d2339023",
        "repo": "nixpkgs",
        "type": "github"
      }
    },
    "root": {
      "inputs": {
        "home-manager": "home-manager",
        "loci-nvim": "loci-nvim",
        "nixpkgs": "nixpkgs",
        "nixpkgs-neovim": "nixpkgs-neovim"
      }
    }
  },
  "root": "root",
  "version": 7
}
