{
  "nodes": {
    "home-manager": {
      "inputs": {
        "nixpkgs": [
          "nixpkgs"
        ]
      },
      "locked": {
        "lastModified": 1782423922,
        "narHash": "sha256-qPNd6lUohHP5gcJhqQ7rLV87RwIx0xYR2A4Frb9Zjc4=",
        "owner": "nix-community",
        "repo": "home-manager",
        "rev": "5d320ab301cfaaca7d32514f13815d19d109f5f4",
        "type": "github"
      },
      "original": {
        "owner": "nix-community",
        "repo": "home-manager",
        "type": "github"
      }
    },
    "loci-core": {
      "inputs": {
        "nixpkgs": [
          "loci-nvim",
          "nixpkgs"
        ]
      },
      "locked": {
        "lastModified": 1786498621,
        "narHash": "sha256-xwlTUdSeUGvVV9Wng9sHXnZ6h9niZ/VHZ2t4ITACe10=",
        "ref": "main",
        "rev": "81d38baec5d07991e8fa2c5868a43f0435048591",
        "revCount": 259,
        "type": "git",
        "url": "ssh://git@github.com/Bullish-Design/loci-core.git"
      },
      "original": {
        "ref": "main",
        "type": "git",
        "url": "ssh://git@github.com/Bullish-Design/loci-core.git"
      }
    },
    "loci-nvim": {
      "inputs": {
        "loci-core": "loci-core",
        "nixpkgs": [
          "nixpkgs"
        ]
      },
      "locked": {
        "lastModified": 1786498647,
        "narHash": "sha256-n0uuQvGUQsNJxyFYRfJYUmUGqiZY/KVdoA20r+ZusgM=",
        "owner": "Bullish-Design",
        "repo": "loci.nvim",
        "rev": "15a1c5b0afa96ae3294bda4986f94064adabba99",
        "type": "github"
      },
      "original": {
        "owner": "Bullish-Design",
        "ref": "v0.2.1",
        "repo": "loci.nvim",
        "type": "github"
      }
    },
    "nixpkgs": {
      "locked": {
        "lastModified": 1782467914,
        "narHash": "sha256-pGvFkM8N0xEkIIXDe5YYfbEAvHrk4IxBrjB/x8OomhE=",
        "owner": "NixOS",
        "repo": "nixpkgs",
        "rev": "e73de5be04e0eff4190a1432b946d469c794e7b4",
        "type": "github"
      },
      "original": {
        "owner": "NixOS",
        "ref": "nixos-unstable",
        "repo": "nixpkgs",
        "type": "github"
      }
    },
    "nixpkgs-neovim": {
      "locked": {
        "lastModified": 1778869304,
        "narHash": "sha256-30sZNZoA1cqF5JNO9fVX+wgiQYjB7HJqqJ4ztCDeBZE=",
        "owner": "NixOS",
        "repo": "nixpkgs",
        "rev": "d233902339c02a9c334e7e593de68855ad26c4cb",
        "type": "github"
      },
      "original": {
        "owner": "NixOS",
        "ref": "d2339023",
        "repo": "nixpkgs",
        "type": "github"
      }
    },
    "root": {
      "inputs": {
        "home-manager": "home-manager",
        "loci-nvim": "loci-nvim",
        "nixpkgs": "nixpkgs",
        "nixpkgs-neovim": "nixpkgs-neovim"
      }
    }
  },
  "root": "root",
  "version": 7
}
